{
  "name": "drone_navigation",
  "version": "1.0.0",
  "lockfileVersion": 1,
  "requires": true,
  "dependencies": {
    "ar-drone": {
      "version": "git://github.com/felixge/node-ar-drone.git#11667d4640a55111a6ad0206336685e69c7323fb",
      "from": "git://github.com/felixge/node-ar-drone.git",
      "requires": {
        "buffy": "0.0.4",
        "simple-debug": "~1.1.1"
      }
    },
    "ardrone-autonomy": {
      "version": "git://github.com/eschnou/ardrone-autonomy.git#70948caa5a0c9214d0c72f9a816b649a350de8af",
      "from": "git://github.com/eschnou/ardrone-autonomy.git",
      "requires": {
        "async": "0.2.9",
        "sylvester": "0.0.21"
      }
    },
    "async": {
      "version": "0.2.9",
      "resolved": "https://registry.npmjs.org/async/-/async-0.2.9.tgz",
      "integrity": "sha1-32MGD789Myhqdqr21Vophtn/hhk="
    },
    "buffy": {
      "version": "0.0.4",
      "resolved": "https://registry.npmjs.org/buffy/-/buffy-0.0.4.tgz",
      "integrity": "sha1-0ggQT72bR6h8uwH+Oy7y31QwDfg="
    },
    "haversine": {
      "version": "1.1.1",
      "resolved": "https://registry.npmjs.org/haversine/-/haversine-1.1.1.tgz",
      "integrity": "sha512-KW4MS8+krLIeiw8bF5z532CptG0ZyGGFj0UbKMxx25lKnnJ1hMUbuzQl+PXQjNiDLnl1bOyz23U6hSK10r4guw=="
    },
    "simple-debug": {
      "version": "1.1.2",
      "resolved": "https://registry.npmjs.org/simple-debug/-/simple-debug-1.1.2.tgz",
      "integrity": "sha1-CTTh23WjNwaE96y2Y9FVtNRMxss="
    },
    "sylvester": {
      "version": "0.0.21",
      "resolved": "https://registry.npmjs.org/sylvester/-/sylvester-0.0.21.tgz",
      "integrity": "sha1-KYexzivS84sNzio0OIiEv6RADqc="
    }
  }
}
